
Microsoft Visual Studio Solution File, Format Version 12.00
# Visual Studio 14
VisualStudioVersion = 14.0.25420.1
MinimumVisualStudioVersion = 10.0.40219.1
Project("{2150E333-8FDC-42A3-9474-1A3956D46DE8}") = "Client", "Client", "{96053631-3AAC-47E6-9C45-4BB35E595419}"
EndProject
Project("{FAE04EC0-301F-11D3-BF4B-00C04F79EFBC}") = "TicTacToe.Client", "TicTacToe.Client\TicTacToe.Client.csproj", "{B0E011E6-FBE2-432A-A550-DA093805D0E6}"
EndProject
Global
	GlobalSection(SolutionConfigurationPlatforms) = preSolution
		Debug|Any CPU = Debug|Any CPU
		Release|Any CPU = Release|Any CPU
	EndGlobalSection
	GlobalSection(ProjectConfigurationPlatforms) = postSolution
		{B0E011E6-FBE2-432A-A550-DA093805D0E6}.Debug|Any CPU.ActiveCfg = Debug|Any CPU
		{B0E011E6-FBE2-432A-A550-DA093805D0E6}.Debug|Any CPU.Build.0 = Debug|Any CPU
		{B0E011E6-FBE2-432A-A550-DA093805D0E6}.Release|Any CPU.ActiveCfg = Release|Any CPU
		{B0E011E6-FBE2-432A-A550-DA093805D0E6}.Release|Any CPU.Build.0 = Release|Any CPU
	EndGlobalSection
	GlobalSection(SolutionProperties) = preSolution
		HideSolutionNode = FALSE
	EndGlobalSection
	GlobalSection(NestedProjects) = preSolution
		{B0E011E6-FBE2-432A-A550-DA093805D0E6} = {96053631-3AAC-47E6-9C45-4BB35E595419}
	EndGlobalSection
EndGlobal
